Microsoft Visual Studio Solution File, Format Version 12.00
# Visual Studio Version 16
VisualStudioVersion = 16.0.30907.101
MinimumVisualStudioVersion = 10.0.40219.1
Project("{2150E333-8FDC-42A3-9474-1A3956D46DE8}") = "src", "src", "{2D328312-9D0D-467E-999E-84C02FA11C0C}"
EndProject
Project("{2150E333-8FDC-42A3-9474-1A3956D46DE8}") = "client", "client", "{61EB9E5D-9787-4174-AFA1-019E99EA2FBC}"
EndProject
Project("{FAE04EC0-301F-11D3-BF4B-00C04F79EFBC}") = "UrumiTech.BabyMonitor.Android", "UrumiTech.BabyMonitor\UrumiTech.BabyMonitor.Android\UrumiTech.BabyMonitor.Android.csproj", "{7E7F4536-B43A-4F86-A93F-0FC087E865A1}"
EndProject
Project("{FAE04EC0-301F-11D3-BF4B-00C04F79EFBC}") = "UrumiTech.BabyMonitor.iOS", "UrumiTech.BabyMonitor\UrumiTech.BabyMonitor.iOS\UrumiTech.BabyMonitor.iOS.csproj", "{4F8F2161-0513-4848-BE89-4CC0404BB6DB}"
EndProject
Project("{FAE04EC0-301F-11D3-BF4B-00C04F79EFBC}") = "UrumiTech.BabyMonitor", "UrumiTech.BabyMonitor\UrumiTech.BabyMonitor\UrumiTech.BabyMonitor.csproj", "{ACCF8D9A-BFD5-4C95-BF4C-968F1045C0A8}"
EndProject
Global
	GlobalSection(SolutionConfigurationPlatforms) = preSolution
		Debug|Any CPU = Debug|Any CPU
		Debug|iPhone = Debug|iPhone
		Debug|iPhoneSimulator = Debug|iPhoneSimulator
		Release|Any CPU = Release|Any CPU
		Release|iPhone = Release|iPhone
		Release|iPhoneSimulator = Release|iPhoneSimulator
	EndGlobalSection
	GlobalSection(ProjectConfigurationPlatforms) = postSolution
		{7E7F4536-B43A-4F86-A93F-0FC087E865A1}.Debug|Any CPU.ActiveCfg = Debug|Any CPU
		{7E7F4536-B43A-4F86-A93F-0FC087E865A1}.Debug|Any CPU.Build.0 = Debug|Any CPU
		{7E7F4536-B43A-4F86-A93F-0FC087E865A1}.Debug|Any CPU.Deploy.0 = Debug|Any CPU
		{7E7F4536-B43A-4F86-A93F-0FC087E865A1}.Debug|iPhone.ActiveCfg = Debug|Any CPU
		{7E7F4536-B43A-4F86-A93F-0FC087E865A1}.Debug|iPhone.Build.0 = Debug|Any CPU
		{7E7F4536-B43A-4F86-A93F-0FC087E865A1}.Debug|iPhone.Deploy.0 = Debug|Any CPU
		{7E7F4536-B43A-4F86-A93F-0FC087E865A1}.Debug|iPhoneSimulator.ActiveCfg = Debug|Any CPU
		{7E7F4536-B43A-4F86-A93F-0FC087E865A1}.Debug|iPhoneSimulator.Build.0 = Debug|Any CPU
		{7E7F4536-B43A-4F86-A93F-0FC087E865A1}.Debug|iPhoneSimulator.Deploy.0 = Debug|Any CPU
		{7E7F4536-B43A-4F86-A93F-0FC087E865A1}.Release|Any CPU.ActiveCfg = Release|Any CPU
		{7E7F4536-B43A-4F86-A93F-0FC087E865A1}.Release|Any CPU.Build.0 = Release|Any CPU
		{7E7F4536-B43A-4F86-A93F-0FC087E865A1}.Release|Any CPU.Deploy.0 = Release|Any CPU
		{7E7F4536-B43A-4F86-A93F-0FC087E865A1}.Release|iPhone.ActiveCfg = Release|Any CPU
		{7E7F4536-B43A-4F86-A93F-0FC087E865A1}.Release|iPhone.Build.0 = Release|Any CPU
		{7E7F4536-B43A-4F86-A93F-0FC087E865A1}.Release|iPhone.Deploy.0 = Release|Any CPU
		{7E7F4536-B43A-4F86-A93F-0FC087E865A1}.Release|iPhoneSimulator.ActiveCfg = Release|Any CPU
		{7E7F4536-B43A-4F86-A93F-0FC087E865A1}.Release|iPhoneSimulator.Build.0 = Release|Any CPU
		{7E7F4536-B43A-4F86-A93F-0FC087E865A1}.Release|iPhoneSimulator.Deploy.0 = Release|Any CPU
		{4F8F2161-0513-4848-BE89-4CC0404BB6DB}.Debug|Any CPU.ActiveCfg = Debug|iPhoneSimulator
		{4F8F2161-0513-4848-BE89-4CC0404BB6DB}.Debug|iPhone.ActiveCfg = Debug|iPhone
		{4F8F2161-0513-4848-BE89-4CC0404BB6DB}.Debug|iPhone.Build.0 = Debug|iPhone
		{4F8F2161-0513-4848-BE89-4CC0404BB6DB}.Debug|iPhoneSimulator.ActiveCfg = Debug|iPhoneSimulator
		{4F8F2161-0513-4848-BE89-4CC0404BB6DB}.Debug|iPhoneSimulator.Build.0 = Debug|iPhoneSimulator
		{4F8F2161-0513-4848-BE89-4CC0404BB6DB}.Release|Any CPU.ActiveCfg = Release|iPhoneSimulator
		{4F8F2161-0513-4848-BE89-4CC0404BB6DB}.Release|iPhone.ActiveCfg = Release|iPhone
		{4F8F2161-0513-4848-BE89-4CC0404BB6DB}.Release|iPhone.Build.0 = Release|iPhone
		{4F8F2161-0513-4848-BE89-4CC0404BB6DB}.Release|iPhoneSimulator.ActiveCfg = Release|iPhoneSimulator
		{4F8F2161-0513-4848-BE89-4CC0404BB6DB}.Release|iPhoneSimulator.Build.0 = Release|iPhoneSimulator
		{ACCF8D9A-BFD5-4C95-BF4C-968F1045C0A8}.Debug|Any CPU.ActiveCfg = Debug|Any CPU
		{ACCF8D9A-BFD5-4C95-BF4C-968F1045C0A8}.Debug|Any CPU.Build.0 = Debug|Any CPU
		{ACCF8D9A-BFD5-4C95-BF4C-968F1045C0A8}.Debug|iPhone.ActiveCfg = Debug|Any CPU
		{ACCF8D9A-BFD5-4C95-BF4C-968F1045C0A8}.Debug|iPhone.Build.0 = Debug|Any CPU
		{ACCF8D9A-BFD5-4C95-BF4C-968F1045C0A8}.Debug|iPhoneSimulator.ActiveCfg = Debug|Any CPU
		{ACCF8D9A-BFD5-4C95-BF4C-968F1045C0A8}.Debug|iPhoneSimulator.Build.0 = Debug|Any CPU
		{ACCF8D9A-BFD5-4C95-BF4C-968F1045C0A8}.Release|Any CPU.ActiveCfg = Release|Any CPU
		{ACCF8D9A-BFD5-4C95-BF4C-968F1045C0A8}.Release|Any CPU.Build.0 = Release|Any CPU
		{ACCF8D9A-BFD5-4C95-BF4C-968F1045C0A8}.Release|iPhone.ActiveCfg = Release|Any CPU
		{ACCF8D9A-BFD5-4C95-BF4C-968F1045C0A8}.Release|iPhone.Build.0 = Release|Any CPU
		{ACCF8D9A-BFD5-4C95-BF4C-968F1045C0A8}.Release|iPhoneSimulator.ActiveCfg = Release|Any CPU
		{ACCF8D9A-BFD5-4C95-BF4C-968F1045C0A8}.Release|iPhoneSimulator.Build.0 = Release|Any CPU
	EndGlobalSection
	GlobalSection(SolutionProperties) = preSolution
		HideSolutionNode = FALSE
	EndGlobalSection
	GlobalSection(NestedProjects) = preSolution
		{61EB9E5D-9787-4174-AFA1-019E99EA2FBC} = {2D328312-9D0D-467E-999E-84C02FA11C0C}
		{7E7F4536-B43A-4F86-A93F-0FC087E865A1} = {61EB9E5D-9787-4174-AFA1-019E99EA2FBC}
		{4F8F2161-0513-4848-BE89-4CC0404BB6DB} = {61EB9E5D-9787-4174-AFA1-019E99EA2FBC}
		{ACCF8D9A-BFD5-4C95-BF4C-968F1045C0A8} = {61EB9E5D-9787-4174-AFA1-019E99EA2FBC}
	EndGlobalSection
	GlobalSection(ExtensibilityGlobals) = postSolution
		SolutionGuid = {9A583646-BD02-44E4-B1DD-82D2B8F933C6}
	EndGlobalSection
EndGlobal
